
Microsoft Visual Studio Solution File, Format Version 12.00
# Visual Studio Version 16
VisualStudioVersion = 16.0.30128.74
MinimumVisualStudioVersion = 10.0.40219.1
Project("{888888A0-9F3D-457C-B088-3A5042F75D52}") = "imGcode", "imGcode.pyproj", "{ECF7A225-2742-4D33-8067-780D7DF18A41}"
EndProject
Global
	GlobalSection(SolutionConfigurationPlatforms) = preSolution
		Debug|Any CPU = Debug|Any CPU
		Release|Any CPU = Release|Any CPU
	EndGlobalSection
	GlobalSection(ProjectConfigurationPlatforms) = postSolution
		{ECF7A225-2742-4D33-8067-780D7DF18A41}.Debug|Any CPU.ActiveCfg = Debug|Any CPU
		{ECF7A225-2742-4D33-8067-780D7DF18A41}.Release|Any CPU.ActiveCfg = Release|Any CPU
	EndGlobalSection
	GlobalSection(SolutionProperties) = preSolution
		HideSolutionNode = FALSE
	EndGlobalSection
	GlobalSection(ExtensibilityGlobals) = postSolution
		SolutionGuid = {8632E97D-2334-47E7-A83C-7ED26CD5D5DB}
	EndGlobalSection
EndGlobal
